
Microsoft Visual Studio Solution File, Format Version 12.00
# Visual Studio Version 16
VisualStudioVersion = 16.0.30503.244
MinimumVisualStudioVersion = 10.0.40219.1
Project("{FAE04EC0-301F-11D3-BF4B-00C04F79EFBC}") = "E10Dumper", "E10Dumper\E10Dumper.csproj", "{41FB6C84-5BF2-46EB-989D-8D4B1B16ABA4}"
EndProject
Project("{FAE04EC0-301F-11D3-BF4B-00C04F79EFBC}") = "E10Uploader", "E10Uploader\E10Uploader.csproj", "{7E81FA01-7D9E-4388-A378-A348B5FA1392}"
EndProject
Project("{FAE04EC0-301F-11D3-BF4B-00C04F79EFBC}") = "E10SignalWatcher", "E10SignalWatcher\E10SignalWatcher.csproj", "{5E608E40-896A-4262-9A51-F6A69041361C}"
EndProject
Project("{FAE04EC0-301F-11D3-BF4B-00C04F79EFBC}") = "_scratch", "_scratch\_scratch.csproj", "{C48AAE7B-8070-472E-8D6C-41A4C9D81418}"
EndProject
Global
	GlobalSection(SolutionConfigurationPlatforms) = preSolution
		Debug|Any CPU = Debug|Any CPU
		Release|Any CPU = Release|Any CPU
	EndGlobalSection
	GlobalSection(ProjectConfigurationPlatforms) = postSolution
		{41FB6C84-5BF2-46EB-989D-8D4B1B16ABA4}.Debug|Any CPU.ActiveCfg = Debug|Any CPU
		{41FB6C84-5BF2-46EB-989D-8D4B1B16ABA4}.Debug|Any CPU.Build.0 = Debug|Any CPU
		{41FB6C84-5BF2-46EB-989D-8D4B1B16ABA4}.Release|Any CPU.ActiveCfg = Release|Any CPU
		{41FB6C84-5BF2-46EB-989D-8D4B1B16ABA4}.Release|Any CPU.Build.0 = Release|Any CPU
		{7E81FA01-7D9E-4388-A378-A348B5FA1392}.Debug|Any CPU.ActiveCfg = Debug|Any CPU
		{7E81FA01-7D9E-4388-A378-A348B5FA1392}.Debug|Any CPU.Build.0 = Debug|Any CPU
		{7E81FA01-7D9E-4388-A378-A348B5FA1392}.Release|Any CPU.ActiveCfg = Release|Any CPU
		{7E81FA01-7D9E-4388-A378-A348B5FA1392}.Release|Any CPU.Build.0 = Release|Any CPU
		{5E608E40-896A-4262-9A51-F6A69041361C}.Debug|Any CPU.ActiveCfg = Debug|Any CPU
		{5E608E40-896A-4262-9A51-F6A69041361C}.Debug|Any CPU.Build.0 = Debug|Any CPU
		{5E608E40-896A-4262-9A51-F6A69041361C}.Release|Any CPU.ActiveCfg = Release|Any CPU
		{5E608E40-896A-4262-9A51-F6A69041361C}.Release|Any CPU.Build.0 = Release|Any CPU
		{C48AAE7B-8070-472E-8D6C-41A4C9D81418}.Debug|Any CPU.ActiveCfg = Debug|Any CPU
		{C48AAE7B-8070-472E-8D6C-41A4C9D81418}.Debug|Any CPU.Build.0 = Debug|Any CPU
		{C48AAE7B-8070-472E-8D6C-41A4C9D81418}.Release|Any CPU.ActiveCfg = Release|Any CPU
		{C48AAE7B-8070-472E-8D6C-41A4C9D81418}.Release|Any CPU.Build.0 = Release|Any CPU
	EndGlobalSection
	GlobalSection(SolutionProperties) = preSolution
		HideSolutionNode = FALSE
	EndGlobalSection
	GlobalSection(ExtensibilityGlobals) = postSolution
		SolutionGuid = {D9520320-430F-4F9C-BAEB-FCA99EC4D246}
	EndGlobalSection
EndGlobal
